{
  "nodes": {
    "home-manager": {
      "inputs": {
        "nixpkgs": [
          "nixpkgs"
        ]
      },
      "locked": {
        "lastModified": 1652452043,
        "narHash": "sha256-nh3mdVB/Kk5ag1uRMAlKo8r+ssN3HNxwbLsqRG4xZkw=",
        "owner": "nix-community",
        "repo": "home-manager",
        "rev": "273598f53e04f0111dca5724b37640e3907edaaf",
        "type": "github"
      },
      "original": {
        "owner": "nix-community",
        "repo": "home-manager",
        "type": "github"
      }
    },
    "nixpkgs": {
      "locked": {
        "lastModified": 1652559422,
        "narHash": "sha256-jPVTNImBTUIFdtur+d4IVot6eXmsvtOcBm0TzxmhWPk=",
        "owner": "NixOs",
        "repo": "nixpkgs",
        "rev": "8b3398bc7587ebb79f93dfeea1b8c574d3c6dba1",
        "type": "github"
      },
      "original": {
        "owner": "NixOs",
        "ref": "nixos-21.11",
        "repo": "nixpkgs",
        "type": "github"
      }
    },
    "nixpkgs-unstable": {
      "locked": {
        "lastModified": 1652572281,
        "narHash": "sha256-UEsrB5XBOj0blVe2ldc0lHvlhLYZJDHroELMHlg7XxA=",
        "owner": "NixOs",
        "repo": "nixpkgs",
        "rev": "43ff6cb1c027d13dc938b88eb099462210fea52f",
        "type": "github"
      },
      "original": {
        "owner": "NixOs",
        "ref": "nixos-unstable",
        "repo": "nixpkgs",
        "type": "github"
      }
    },
    "root": {
      "inputs": {
        "home-manager": "home-manager",
        "nixpkgs": "nixpkgs",
        "nixpkgs-unstable": "nixpkgs-unstable"
      }
    }
  },
  "root": "root",
  "version": 7
}
